// !$*UTF8*$!
{
	archiveVersion = 1;
	classes = {
	};
	objectVersion = 46;
	objects = {

/* Begin PBXBuildFile section */
		1829BC161E7A9E58009B40AE /* AppDelegate.swift in Sources */ = {isa = PBXBuildFile; fileRef = 1829BC151E7A9E58009B40AE /* AppDelegate.swift */; };
		1829BC181E7A9E58009B40AE /* ViewController.swift in Sources */ = {isa = PBXBuildFile; fileRef = 1829BC171E7A9E58009B40AE /* ViewController.swift */; };
		1829BC1B1E7A9E58009B40AE /* Main.storyboard in Resources */ = {isa = PBXBuildFile; fileRef = 1829BC191E7A9E58009B40AE /* Main.storyboard */; };
		1829BC1D1E7A9E58009B40AE /* Assets.xcassets in Resources */ = {isa = PBXBuildFile; fileRef = 1829BC1C1E7A9E58009B40AE /* Assets.xcassets */; };
		1829BC201E7A9E58009B40AE /* LaunchScreen.storyboard in Resources */ = {isa = PBXBuildFile; fileRef = 1829BC1E1E7A9E58009B40AE /* LaunchScreen.storyboard */; };
		1829BC2B1E7A9E58009B40AE /* TestValidatorTests.swift in Sources */ = {isa = PBXBuildFile; fileRef = 1829BC2A1E7A9E58009B40AE /* TestValidatorTests.swift */; };
		1829BC361E7A9E58009B40AE /* TestValidatorUITests.swift in Sources */ = {isa = PBXBuildFile; fileRef = 1829BC351E7A9E58009B40AE /* TestValidatorUITests.swift */; };
		1829BC4A1E7A9E9E009B40AE /* ValidatorTests.swift in Sources */ = {isa = PBXBuildFile; fileRef = 1829BC491E7A9E9E009B40AE /* ValidatorTests.swift */; };
		1829BC4C1E7A9F1B009B40AE /* Validator.swift in Sources */ = {isa = PBXBuildFile; fileRef = 1829BC4B1E7A9F1B009B40AE /* Validator.swift */; };
/* End PBXBuildFile section */

/* Begin PBXContainerItemProxy section */
		1829BC271E7A9E58009B40AE /* PBXContainerItemProxy */ = {
			isa = PBXContainerItemProxy;
			containerPortal = 1829BC0A1E7A9E58009B40AE /* Project object */;
			proxyType = 1;
			remoteGlobalIDString = 1829BC111E7A9E58009B40AE;
			remoteInfo = TestValidator;
		};
		1829BC321E7A9E58009B40AE /* PBXContainerItemProxy */ = {
			isa = PBXContainerItemProxy;
			containerPortal = 1829BC0A1E7A9E58009B40AE /* Project object */;
			proxyType = 1;
			remoteGlobalIDString = 1829BC111E7A9E58009B40AE;
			remoteInfo = TestValidator;
		};
/* End PBXContainerItemProxy section */

/* Begin PBXFileReference section */
		1829BC121E7A9E58009B40AE /* TestValidator.app */ = {isa = PBXFileReference; explicitFileType = wrapper.application; includeInIndex = 0; path = TestValidator.app; sourceTree = BUILT_PRODUCTS_DIR; };
		1829BC151E7A9E58009B40AE /* AppDelegate.swift */ = {isa = PBXFileReference; lastKnownFileType = sourcecode.swift; path = AppDelegate.swift; sourceTree = "<group>"; };
		1829BC171E7A9E58009B40AE /* ViewController.swift */ = {isa = PBXFileReference; lastKnownFileType = sourcecode.swift; path = ViewController.swift; sourceTree = "<group>"; };
		1829BC1A1E7A9E58009B40AE /* Base */ = {isa = PBXFileReference; lastKnownFileType = file.storyboard; name = Base; path = Base.lproj/Main.storyboard; sourceTree = "<group>"; };
		1829BC1C1E7A9E58009B40AE /* Assets.xcassets */ = {isa = PBXFileReference; lastKnownFileType = folder.assetcatalog; path = Assets.xcassets; sourceTree = "<group>"; };
		1829BC1F1E7A9E58009B40AE /* Base */ = {isa = PBXFileReference; lastKnownFileType = file.storyboard; name = Base; path = Base.lproj/LaunchScreen.storyboard; sourceTree = "<group>"; };
		1829BC211E7A9E58009B40AE /* Info.plist */ = {isa = PBXFileReference; lastKnownFileType = text.plist.xml; path = Info.plist; sourceTree = "<group>"; };
		1829BC261E7A9E58009B40AE /* TestValidatorTests.xctest */ = {isa = PBXFileReference; explicitFileType = wrapper.cfbundle; includeInIndex = 0; path = TestValidatorTests.xctest; sourceTree = BUILT_PRODUCTS_DIR; };
		1829BC2A1E7A9E58009B40AE /* TestValidatorTests.swift */ = {isa = PBXFileReference; lastKnownFileType = sourcecode.swift; path = TestValidatorTests.swift; sourceTree = "<group>"; };
		1829BC2C1E7A9E58009B40AE /* Info.plist */ = {isa = PBXFileReference; lastKnownFileType = text.plist.xml; path = Info.plist; sourceTree = "<group>"; };
		1829BC311E7A9E58009B40AE /* TestValidatorUITests.xctest */ = {isa = PBXFileReference; explicitFileType = wrapper.cfbundle; includeInIndex = 0; path = TestValidatorUITests.xctest; sourceTree = BUILT_PRODUCTS_DIR; };
		1829BC351E7A9E58009B40AE /* TestValidatorUITests.swift */ = {isa = PBXFileReference; lastKnownFileType = sourcecode.swift; path = TestValidatorUITests.swift; sourceTree = "<group>"; };
		1829BC371E7A9E58009B40AE /* Info.plist */ = {isa = PBXFileReference; lastKnownFileType = text.plist.xml; path = Info.plist; sourceTree = "<group>"; };
		1829BC491E7A9E9E009B40AE /* ValidatorTests.swift */ = {isa = PBXFileReference; fileEncoding = 4; lastKnownFileType = sourcecode.swift; path = ValidatorTests.swift; sourceTree = "<group>"; };
		1829BC4B1E7A9F1B009B40AE /* Validator.swift */ = {isa = PBXFileReference; fileEncoding = 4; lastKnownFileType = sourcecode.swift; path = Validator.swift; sourceTree = "<group>"; };
/* End PBXFileReference section */

/* Begin PBXFrameworksBuildPhase section */
		1829BC0F1E7A9E58009B40AE /* Frameworks */ = {
			isa = PBXFrameworksBuildPhase;
			buildActionMask = 2147483647;
			files = (
			);
			runOnlyForDeploymentPostprocessing = 0;
		};
		1829BC231E7A9E58009B40AE /* Frameworks */ = {
			isa = PBXFrameworksBuildPhase;
			buildActionMask = 2147483647;
			files = (
			);
			runOnlyForDeploymentPostprocessing = 0;
		};
		1829BC2E1E7A9E58009B40AE /* Frameworks */ = {
			isa = PBXFrameworksBuildPhase;
			buildActionMask = 2147483647;
			files = (
			);
			runOnlyForDeploymentPostprocessing = 0;
		};
/* End PBXFrameworksBuildPhase section */

/* Begin PBXGroup section */
		1829BC091E7A9E58009B40AE = {
			isa = PBXGroup;
			children = (
				1829BC141E7A9E58009B40AE /* TestValidator */,
				1829BC291E7A9E58009B40AE /* TestValidatorTests */,
				1829BC341E7A9E58009B40AE /* TestValidatorUITests */,
				1829BC131E7A9E58009B40AE /* Products */,
			);
			sourceTree = "<group>";
		};
		1829BC131E7A9E58009B40AE /* Products */ = {
			isa = PBXGroup;
			children = (
				1829BC121E7A9E58009B40AE /* TestValidator.app */,
				1829BC261E7A9E58009B40AE /* TestValidatorTests.xctest */,
				1829BC311E7A9E58009B40AE /* TestValidatorUITests.xctest */,
			);
			name = Products;
			sourceTree = "<group>";
		};
		1829BC141E7A9E58009B40AE /* TestValidator */ = {
			isa = PBXGroup;
			children = (
				1829BC151E7A9E58009B40AE /* AppDelegate.swift */,
				1829BC171E7A9E58009B40AE /* ViewController.swift */,
				1829BC4B1E7A9F1B009B40AE /* Validator.swift */,
				1829BC491E7A9E9E009B40AE /* ValidatorTests.swift */,
				1829BC191E7A9E58009B40AE /* Main.storyboard */,
				1829BC1C1E7A9E58009B40AE /* Assets.xcassets */,
				1829BC1E1E7A9E58009B40AE /* LaunchScreen.storyboard */,
				1829BC211E7A9E58009B40AE /* Info.plist */,
			);
			path = TestValidator;
			sourceTree = "<group>";
		};
		1829BC291E7A9E58009B40AE /* TestValidatorTests */ = {
			isa = PBXGroup;
			children = (
				1829BC2A1E7A9E58009B40AE /* TestValidatorTests.swift */,
				1829BC2C1E7A9E58009B40AE /* Info.plist */,
			);
			path = TestValidatorTests;
			sourceTree = "<group>";
		};
		1829BC341E7A9E58009B40AE /* TestValidatorUITests */ = {
			isa = PBXGroup;
			children = (
				1829BC351E7A9E58009B40AE /* TestValidatorUITests.swift */,
				1829BC371E7A9E58009B40AE /* Info.plist */,
			);
			path = TestValidatorUITests;
			sourceTree = "<group>";
		};
/* End PBXGroup section */

/* Begin PBXNativeTarget section */
		1829BC111E7A9E58009B40AE /* TestValidator */ = {
			isa = PBXNativeTarget;
			buildConfigurationList = 1829BC3A1E7A9E58009B40AE /* Build configuration list for PBXNativeTarget "TestValidator" */;
			buildPhases = (
				1829BC0E1E7A9E58009B40AE /* Sources */,
				1829BC0F1E7A9E58009B40AE /* Frameworks */,
				1829BC101E7A9E58009B40AE /* Resources */,
			);
			buildRules = (
			);
			dependencies = (
			);
			name = TestValidator;
			productName = TestValidator;
			productReference = 1829BC121E7A9E58009B40AE /* TestValidator.app */;
			productType = "com.apple.product-type.application";
		};
		1829BC251E7A9E58009B40AE /* TestValidatorTests */ = {
			isa = PBXNativeTarget;
			buildConfigurationList = 1829BC3D1E7A9E58009B40AE /* Build configuration list for PBXNativeTarget "TestValidatorTests" */;
			buildPhases = (
				1829BC221E7A9E58009B40AE /* Sources */,
				1829BC231E7A9E58009B40AE /* Frameworks */,
				1829BC241E7A9E58009B40AE /* Resources */,
			);
			buildRules = (
			);
			dependencies = (
				1829BC281E7A9E58009B40AE /* PBXTargetDependency */,
			);
			name = TestValidatorTests;
			productName = TestValidatorTests;
			productReference = 1829BC261E7A9E58009B40AE /* TestValidatorTests.xctest */;
			productType = "com.apple.product-type.bundle.unit-test";
		};
		1829BC301E7A9E58009B40AE /* TestValidatorUITests */ = {
			isa = PBXNativeTarget;
			buildConfigurationList = 1829BC401E7A9E58009B40AE /* Build configuration list for PBXNativeTarget "TestValidatorUITests" */;
			buildPhases = (
				1829BC2D1E7A9E58009B40AE /* Sources */,
				1829BC2E1E7A9E58009B40AE /* Frameworks */,
				1829BC2F1E7A9E58009B40AE /* Resources */,
			);
			buildRules = (
			);
			dependencies = (
				1829BC331E7A9E58009B40AE /* PBXTargetDependency */,
			);
			name = TestValidatorUITests;
			productName = TestValidatorUITests;
			productReference = 1829BC311E7A9E58009B40AE /* TestValidatorUITests.xctest */;
			productType = "com.apple.product-type.bundle.ui-testing";
		};
/* End PBXNativeTarget section */

/* Begin PBXProject section */
		1829BC0A1E7A9E58009B40AE /* Project object */ = {
			isa = PBXProject;
			attributes = {
				LastSwiftUpdateCheck = 0820;
				LastUpgradeCheck = 0820;
				ORGANIZATIONNAME = "Kvana Inc";
				TargetAttributes = {
					1829BC111E7A9E58009B40AE = {
						CreatedOnToolsVersion = 8.2.1;
						ProvisioningStyle = Automatic;
					};
					1829BC251E7A9E58009B40AE = {
						CreatedOnToolsVersion = 8.2.1;
						ProvisioningStyle = Automatic;
						TestTargetID = 1829BC111E7A9E58009B40AE;
					};
					1829BC301E7A9E58009B40AE = {
						CreatedOnToolsVersion = 8.2.1;
						ProvisioningStyle = Automatic;
						TestTargetID = 1829BC111E7A9E58009B40AE;
					};
				};
			};
			buildConfigurationList = 1829BC0D1E7A9E58009B40AE /* Build configuration list for PBXProject "TestValidator" */;
			compatibilityVersion = "Xcode 3.2";
			developmentRegion = English;
			hasScannedForEncodings = 0;
			knownRegions = (
				en,
				Base,
			);
			mainGroup = 1829BC091E7A9E58009B40AE;
			productRefGroup = 1829BC131E7A9E58009B40AE /* Products */;
			projectDirPath = "";
			projectRoot = "";
			targets = (
				1829BC111E7A9E58009B40AE /* TestValidator */,
				1829BC251E7A9E58009B40AE /* TestValidatorTests */,
				1829BC301E7A9E58009B40AE /* TestValidatorUITests */,
			);
		};
/* End PBXProject section */

/* Begin PBXResourcesBuildPhase section */
		1829BC101E7A9E58009B40AE /* Resources */ = {
			isa = PBXResourcesBuildPhase;
			buildActionMask = 2147483647;
			files = (
				1829BC201E7A9E58009B40AE /* LaunchScreen.storyboard in Resources */,
				1829BC1D1E7A9E58009B40AE /* Assets.xcassets in Resources */,
				1829BC1B1E7A9E58009B40AE /* Main.storyboard in Resources */,
			);
			runOnlyForDeploymentPostprocessing = 0;
		};
		1829BC241E7A9E58009B40AE /* Resources */ = {
			isa = PBXResourcesBuildPhase;
			buildActionMask = 2147483647;
			files = (
			);
			runOnlyForDeploymentPostprocessing = 0;
		};
		1829BC2F1E7A9E58009B40AE /* Resources */ = {
			isa = PBXResourcesBuildPhase;
			buildActionMask = 2147483647;
			files = (
			);
			runOnlyForDeploymentPostprocessing = 0;
		};
/* End PBXResourcesBuildPhase section */

/* Begin PBXSourcesBuildPhase section */
		1829BC0E1E7A9E58009B40AE /* Sources */ = {
			isa = PBXSourcesBuildPhase;
			buildActionMask = 2147483647;
			files = (
				1829BC181E7A9E58009B40AE /* ViewController.swift in Sources */,
				1829BC4C1E7A9F1B009B40AE /* Validator.swift in Sources */,
				1829BC161E7A9E58009B40AE /* AppDelegate.swift in Sources */,
			);
			runOnlyForDeploymentPostprocessing = 0;
		};
		1829BC221E7A9E58009B40AE /* Sources */ = {
			isa = PBXSourcesBuildPhase;
			buildActionMask = 2147483647;
			files = (
				1829BC4A1E7A9E9E009B40AE /* ValidatorTests.swift in Sources */,
				1829BC2B1E7A9E58009B40AE /* TestValidatorTests.swift in Sources */,
			);
			runOnlyForDeploymentPostprocessing = 0;
		};
		1829BC2D1E7A9E58009B40AE /* Sources */ = {
			isa = PBXSourcesBuildPhase;
			buildActionMask = 2147483647;
			files = (
				1829BC361E7A9E58009B40AE /* TestValidatorUITests.swift in Sources */,
			);
			runOnlyForDeploymentPostprocessing = 0;
		};
/* End PBXSourcesBuildPhase section */

/* Begin PBXTargetDependency section */
		1829BC281E7A9E58009B40AE /* PBXTargetDependency */ = {
			isa = PBXTargetDependency;
			target = 1829BC111E7A9E58009B40AE /* TestValidator */;
			targetProxy = 1829BC271E7A9E58009B40AE /* PBXContainerItemProxy */;
		};
		1829BC331E7A9E58009B40AE /* PBXTargetDependency */ = {
			isa = PBXTargetDependency;
			target = 1829BC111E7A9E58009B40AE /* TestValidator */;
			targetProxy = 1829BC321E7A9E58009B40AE /* PBXContainerItemProxy */;
		};
/* End PBXTargetDependency section */

/* Begin PBXVariantGroup section */
		1829BC191E7A9E58009B40AE /* Main.storyboard */ = {
			isa = PBXVariantGroup;
			children = (
				1829BC1A1E7A9E58009B40AE /* Base */,
			);
			name = Main.storyboard;
			sourceTree = "<group>";
		};
		1829BC1E1E7A9E58009B40AE /* LaunchScreen.storyboard */ = {
			isa = PBXVariantGroup;
			children = (
				1829BC1F1E7A9E58009B40AE /* Base */,
			);
			name = LaunchScreen.storyboard;
			sourceTree = "<group>";
		};
/* End PBXVariantGroup section */

/* Begin XCBuildConfiguration section */
		1829BC381E7A9E58009B40AE /* Debug */ = {
			isa = XCBuildConfiguration;
			buildSettings = {
				ALWAYS_SEARCH_USER_PATHS = NO;
				CLANG_ANALYZER_NONNULL = YES;
				CLANG_CXX_LANGUAGE_STANDARD = "gnu++0x";
				CLANG_CXX_LIBRARY = "libc++";
				CLANG_ENABLE_MODULES = YES;
				CLANG_ENABLE_OBJC_ARC = YES;
				CLANG_WARN_BOOL_CONVERSION = YES;
				CLANG_WARN_CONSTANT_CONVERSION = YES;
				CLANG_WARN_DIRECT_OBJC_ISA_USAGE = YES_ERROR;
				CLANG_WARN_DOCUMENTATION_COMMENTS = YES;
				CLANG_WARN_EMPTY_BODY = YES;
				CLANG_WARN_ENUM_CONVERSION = YES;
				CLANG_WARN_INFINITE_RECURSION = YES;
				CLANG_WARN_INT_CONVERSION = YES;
				CLANG_WARN_OBJC_ROOT_CLASS = YES_ERROR;
				CLANG_WARN_SUSPICIOUS_MOVE = YES;
				CLANG_WARN_UNREACHABLE_CODE = YES;
				CLANG_WARN__DUPLICATE_METHOD_MATCH = YES;
				"CODE_SIGN_IDENTITY[sdk=iphoneos*]" = "iPhone Developer";
				COPY_PHASE_STRIP = NO;
				DEBUG_INFORMATION_FORMAT = dwarf;
				ENABLE_STRICT_OBJC_MSGSEND = YES;
				ENABLE_TESTABILITY = YES;
				GCC_C_LANGUAGE_STANDARD = gnu99;
				GCC_DYNAMIC_NO_PIC = NO;
				GCC_NO_COMMON_BLOCKS = YES;
				GCC_OPTIMIZATION_LEVEL = 0;
				GCC_PREPROCESSOR_DEFINITIONS = (
					"DEBUG=1",
					"$(inherited)",
				);
				GCC_WARN_64_TO_32_BIT_CONVERSION = YES;
				GCC_WARN_ABOUT_RETURN_TYPE = YES_ERROR;
				GCC_WARN_UNDECLARED_SELECTOR = YES;
				GCC_WARN_UNINITIALIZED_AUTOS = YES_AGGRESSIVE;
				GCC_WARN_UNUSED_FUNCTION = YES;
				GCC_WARN_UNUSED_VARIABLE = YES;
				IPHONEOS_DEPLOYMENT_TARGET = 10.2;
				MTL_ENABLE_DEBUG_INFO = YES;
				ONLY_ACTIVE_ARCH = YES;
				SDKROOT = iphoneos;
				SWIFT_ACTIVE_COMPILATION_CONDITIONS = DEBUG;
				SWIFT_OPTIMIZATION_LEVEL = "-Onone";
				TARGETED_DEVICE_FAMILY = "1,2";
			};
			name = Debug;
		};
		1829BC391E7A9E58009B40AE /* Release */ = {
			isa = XCBuildConfiguration;
			buildSettings = {
				ALWAYS_SEARCH_USER_PATHS = NO;
				CLANG_ANALYZER_NONNULL = YES;
				CLANG_CXX_LANGUAGE_STANDARD = "gnu++0x";
				CLANG_CXX_LIBRARY = "libc++";
				CLANG_ENABLE_MODULES = YES;
				CLANG_ENABLE_OBJC_ARC = YES;
				CLANG_WARN_BOOL_CONVERSION = YES;
				CLANG_WARN_CONSTANT_CONVERSION = YES;
				CLANG_WARN_DIRECT_OBJC_ISA_USAGE = YES_ERROR;
				CLANG_WARN_DOCUMENTATION_COMMENTS = YES;
				CLANG_WARN_EMPTY_BODY = YES;
				CLANG_WARN_ENUM_CONVERSION = YES;
				CLANG_WARN_INFINITE_RECURSION = YES;
				CLANG_WARN_INT_CONVERSION = YES;
				CLANG_WARN_OBJC_ROOT_CLASS = YES_ERROR;
				CLANG_WARN_SUSPICIOUS_MOVE = YES;
				CLANG_WARN_UNREACHABLE_CODE = YES;
				CLANG_WARN__DUPLICATE_METHOD_MATCH = YES;
				"CODE_SIGN_IDENTITY[sdk=iphoneos*]" = "iPhone Developer";
				COPY_PHASE_STRIP = NO;
				DEBUG_INFORMATION_FORMAT = "dwarf-with-dsym";
				ENABLE_NS_ASSERTIONS = NO;
				ENABLE_STRICT_OBJC_MSGSEND = YES;
				GCC_C_LANGUAGE_STANDARD = gnu99;
				GCC_NO_COMMON_BLOCKS = YES;
				GCC_WARN_64_TO_32_BIT_CONVERSION = YES;
				GCC_WARN_ABOUT_RETURN_TYPE = YES_ERROR;
				GCC_WARN_UNDECLARED_SELECTOR = YES;
				GCC_WARN_UNINITIALIZED_AUTOS = YES_AGGRESSIVE;
				GCC_WARN_UNUSED_FUNCTION = YES;
				GCC_WARN_UNUSED_VARIABLE = YES;
				IPHONEOS_DEPLOYMENT_TARGET = 10.2;
				MTL_ENABLE_DEBUG_INFO = NO;
				SDKROOT = iphoneos;
				SWIFT_OPTIMIZATION_LEVEL = "-Owholemodule";
				TARGETED_DEVICE_FAMILY = "1,2";
				VALIDATE_PRODUCT = YES;
			};
			name = Release;
		};
		1829BC3B1E7A9E58009B40AE /* Debug */ = {
			isa = XCBuildConfiguration;
			buildSettings = {
				ASSETCATALOG_COMPILER_APPICON_NAME = AppIcon;
				INFOPLIST_FILE = TestValidator/Info.plist;
				LD_RUNPATH_SEARCH_PATHS = "$(inherited) @executable_path/Frameworks";
				PRODUCT_BUNDLE_IDENTIFIER = kvana.TestValidator;
				PRODUCT_NAME = "$(TARGET_NAME)";
				SWIFT_VERSION = 3.0;
			};
			name = Debug;
		};
		1829BC3C1E7A9E58009B40AE /* Release */ = {
			isa = XCBuildConfiguration;
			buildSettings = {
				ASSETCATALOG_COMPILER_APPICON_NAME = AppIcon;
				INFOPLIST_FILE = TestValidator/Info.plist;
				LD_RUNPATH_SEARCH_PATHS = "$(inherited) @executable_path/Frameworks";
				PRODUCT_BUNDLE_IDENTIFIER = kvana.TestValidator;
				PRODUCT_NAME = "$(TARGET_NAME)";
				SWIFT_VERSION = 3.0;
			};
			name = Release;
		};
		1829BC3E1E7A9E58009B40AE /* Debug */ = {
			isa = XCBuildConfiguration;
			buildSettings = {
				ALWAYS_EMBED_SWIFT_STANDARD_LIBRARIES = YES;
				BUNDLE_LOADER = "$(TEST_HOST)";
				INFOPLIST_FILE = TestValidatorTests/Info.plist;
				LD_RUNPATH_SEARCH_PATHS = "$(inherited) @executable_path/Frameworks @loader_path/Frameworks";
				PRODUCT_BUNDLE_IDENTIFIER = kvana.TestValidatorTests;
				PRODUCT_NAME = "$(TARGET_NAME)";
				SWIFT_VERSION = 3.0;
				TEST_HOST = "$(BUILT_PRODUCTS_DIR)/TestValidator.app/TestValidator";
			};
			name = Debug;
		};
		1829BC3F1E7A9E58009B40AE /* Release */ = {
			isa = XCBuildConfiguration;
			buildSettings = {
				ALWAYS_EMBED_SWIFT_STANDARD_LIBRARIES = YES;
				BUNDLE_LOADER = "$(TEST_HOST)";
				INFOPLIST_FILE = TestValidatorTests/Info.plist;
				LD_RUNPATH_SEARCH_PATHS = "$(inherited) @executable_path/Frameworks @loader_path/Frameworks";
				PRODUCT_BUNDLE_IDENTIFIER = kvana.TestValidatorTests;
				PRODUCT_NAME = "$(TARGET_NAME)";
				SWIFT_VERSION = 3.0;
				TEST_HOST = "$(BUILT_PRODUCTS_DIR)/TestValidator.app/TestValidator";
			};
			name = Release;
		};
		1829BC411E7A9E58009B40AE /* Debug */ = {
			isa = XCBuildConfiguration;
			buildSettings = {
				ALWAYS_EMBED_SWIFT_STANDARD_LIBRARIES = YES;
				INFOPLIST_FILE = TestValidatorUITests/Info.plist;
				LD_RUNPATH_SEARCH_PATHS = "$(inherited) @executable_path/Frameworks @loader_path/Frameworks";
				PRODUCT_BUNDLE_IDENTIFIER = kvana.TestValidatorUITests;
				PRODUCT_NAME = "$(TARGET_NAME)";
				SWIFT_VERSION = 3.0;
				TEST_TARGET_NAME = TestValidator;
			};
			name = Debug;
		};
		1829BC421E7A9E58009B40AE /* Release */ = {
			isa = XCBuildConfiguration;
			buildSettings = {
				ALWAYS_EMBED_SWIFT_STANDARD_LIBRARIES = YES;
				INFOPLIST_FILE = TestValidatorUITests/Info.plist;
				LD_RUNPATH_SEARCH_PATHS = "$(inherited) @executable_path/Frameworks @loader_path/Frameworks";
				PRODUCT_BUNDLE_IDENTIFIER = kvana.TestValidatorUITests;
				PRODUCT_NAME = "$(TARGET_NAME)";
				SWIFT_VERSION = 3.0;
				TEST_TARGET_NAME = TestValidator;
			};
			name = Release;
		};
/* End XCBuildConfiguration section */

/* Begin XCConfigurationList section */
		1829BC0D1E7A9E58009B40AE /* Build configuration list for PBXProject "TestValidator" */ = {
			isa = XCConfigurationList;
			buildConfigurations = (
				1829BC381E7A9E58009B40AE /* Debug */,
				1829BC391E7A9E58009B40AE /* Release */,
			);
			defaultConfigurationIsVisible = 0;
			defaultConfigurationName = Release;
		};
		1829BC3A1E7A9E58009B40AE /* Build configuration list for PBXNativeTarget "TestValidator" */ = {
			isa = XCConfigurationList;
			buildConfigurations = (
				1829BC3B1E7A9E58009B40AE /* Debug */,
				1829BC3C1E7A9E58009B40AE /* Release */,
			);
			defaultConfigurationIsVisible = 0;
			defaultConfigurationName = Release;
		};
		1829BC3D1E7A9E58009B40AE /* Build configuration list for PBXNativeTarget "TestValidatorTests" */ = {
			isa = XCConfigurationList;
			buildConfigurations = (
				1829BC3E1E7A9E58009B40AE /* Debug */,
				1829BC3F1E7A9E58009B40AE /* Release */,
			);
			defaultConfigurationIsVisible = 0;
			defaultConfigurationName = Release;
		};
		1829BC401E7A9E58009B40AE /* Build configuration list for PBXNativeTarget "TestValidatorUITests" */ = {
			isa = XCConfigurationList;
			buildConfigurations = (
				1829BC411E7A9E58009B40AE /* Debug */,
				1829BC421E7A9E58009B40AE /* Release */,
			);
			defaultConfigurationIsVisible = 0;
			defaultConfigurationName = Release;
		};
/* End XCConfigurationList section */
	};
	rootObject = 1829BC0A1E7A9E58009B40AE /* Project object */;
}
